# Modern ComfyUI/LTX runtime requirements.
# Torch is NOT installed by this project.
#
# Kaggle must provide:
# torch==2.10.0+cu128
# torchvision==0.25.0+cu128

comfyui-frontend-package==1.48.7
comfyui-workflow-templates==0.11.41
comfyui-embedded-docs==0.5.9
comfy-kitchen==0.2.31
comfy-aimdo==0.4.13

torchsde==0.2.6
spandrel==0.4.2
av==18.1.0
gguf==0.19.0

simpleeval
comfy-angle
diffusers
einops
huggingface_hub
kornia
ninja==1.11.1.4
transformers
tokenizers
sentencepiece
safetensors
aiohttp
yarl
pyyaml
Pillow
scipy
tqdm
psutil
alembic
SQLAlchemy
filelock
requests
blake3
pydantic
pydantic-settings
PyOpenGL
